
Microsoft Visual Studio Solution File, Format Version 12.00
# Visual Studio Version 16
VisualStudioVersion = 16.0.29409.12
MinimumVisualStudioVersion = 10.0.40219.1
Project("{FAE04EC0-301F-11D3-BF4B-00C04F79EFBC}") = "Reversi", "Reversi\Reversi.csproj", "{3B0793F2-824A-49C3-AEA8-BC8695C0CB69}"
EndProject
Global
	GlobalSection(SolutionConfigurationPlatforms) = preSolution
		Debug|Any CPU = Debug|Any CPU
		Release|Any CPU = Release|Any CPU
	EndGlobalSection
	GlobalSection(ProjectConfigurationPlatforms) = postSolution
		{3B0793F2-824A-49C3-AEA8-BC8695C0CB69}.Debug|Any CPU.ActiveCfg = Debug|Any CPU
		{3B0793F2-824A-49C3-AEA8-BC8695C0CB69}.Debug|Any CPU.Build.0 = Debug|Any CPU
		{3B0793F2-824A-49C3-AEA8-BC8695C0CB69}.Release|Any CPU.ActiveCfg = Release|Any CPU
		{3B0793F2-824A-49C3-AEA8-BC8695C0CB69}.Release|Any CPU.Build.0 = Release|Any CPU
	EndGlobalSection
	GlobalSection(SolutionProperties) = preSolution
		HideSolutionNode = FALSE
	EndGlobalSection
	GlobalSection(ExtensibilityGlobals) = postSolution
		SolutionGuid = {B589F713-1B3E-4CF8-92B4-063CB983C921}
	EndGlobalSection
EndGlobal
